{"format_version":"1.2","terraform_version":"1.9.5","variables":{"private-key-data":{"value":{"algorithm":"RSA","rsa_bits":4069}},"web-01-ami":{"value":"ami-097c5c21a18dc59ea"},"web-01-instance-type":{"value":"t3.micro"}},"planned_values":{"root_module":{"resources":[{"address":"aws_instance.web-01","mode":"managed","type":"aws_instance","name":"web-01","provider_name":"registry.terraform.io/hashicorp/aws","schema_version":1,"values":{"ami":"ami-097c5c21a18dc59ea","credit_specification":[],"get_password_data":false,"hibernation":null,"instance_type":"t3.micro","key_name":"web-01-key","launch_template":[],"source_dest_check":true,"tags":{"Name":"web-01"},"tags_all":{"Name":"web-01"},"timeouts":null,"user_data":"589aa7eb415904fb909d2daf7446242b479c35bf","user_data_replace_on_change":false,"volume_tags":null},"sensitive_values":{"capacity_reservation_specification":[],"cpu_options":[],"credit_specification":[],"ebs_block_device":[],"enclave_options":[],"ephemeral_block_device":[],"instance_market_options":[],"ipv6_addresses":[],"launch_template":[],"maintenance_options":[],"metadata_options":[],"network_interface":[],"private_dns_name_options":[],"root_block_device":[],"secondary_private_ips":[],"security_groups":[],"tags":{},"tags_all":{},"vpc_security_group_ids":[]}},{"address":"aws_key_pair.web-01-key","mode":"managed","type":"aws_key_pair","name":"web-01-key","provider_name":"registry.terraform.io/hashicorp/aws","schema_version":1,"values":{"key_name":"web-01-key","tags":null},"sensitive_values":{"tags_all":{}}},{"address":"aws_security_group.web-01-sg","mode":"managed","type":"aws_security_group","name":"web-01-sg","provider_name":"registry.terraform.io/hashicorp/aws","schema_version":1,"values":{"description":"Allow ssh and http inbound traffic","egress":[{"cidr_blocks":["0.0.0.0/0"],"description":"","from_port":0,"ipv6_cidr_blocks":[],"prefix_list_ids":[],"protocol":"-1","security_groups":[],"self":false,"to_port":0}],"ingress":[{"cidr_blocks":["0.0.0.0/0"],"description":"","from_port":22,"ipv6_cidr_blocks":[],"prefix_list_ids":[],"protocol":"tcp","security_groups":[],"self":false,"to_port":22},{"cidr_blocks":["0.0.0.0/0"],"description":"","from_port":443,"ipv6_cidr_blocks":[],"prefix_list_ids":[],"protocol":"tcp","security_groups":[],"self":false,"to_port":443},{"cidr_blocks":["0.0.0.0/0"],"description":"","from_port":80,"ipv6_cidr_blocks":[],"prefix_list_ids":[],"protocol":"tcp","security_groups":[],"self":false,"to_port":80}],"name":"web-01-sg","revoke_rules_on_delete":false,"tags":null,"timeouts":null,"vpc_id":"vpc-05addf5839da973fa"},"sensitive_values":{"egress":[{"cidr_blocks":[false],"ipv6_cidr_blocks":[],"prefix_list_ids":[],"security_groups":[]}],"ingress":[{"cidr_blocks":[false],"ipv6_cidr_blocks":[],"prefix_list_ids":[],"security_groups":[]},{"cidr_blocks":[false],"ipv6_cidr_blocks":[],"prefix_list_ids":[],"security_groups":[]},{"cidr_blocks":[false],"ipv6_cidr_blocks":[],"prefix_list_ids":[],"security_groups":[]}],"tags_all":{}}},{"address":"local_sensitive_file.web-01-private-key","mode":"managed","type":"local_sensitive_file","name":"web-01-private-key","provider_name":"registry.terraform.io/hashicorp/local","schema_version":0,"values":{"content_base64":null,"directory_permission":"0700","file_permission":"0400","filename":"web-01-key.pem","source":null},"sensitive_values":{"content":true,"content_base64":true}},{"address":"tls_private_key.web-key","mode":"managed","type":"tls_private_key","name":"web-key","provider_name":"registry.terraform.io/hashicorp/tls","schema_version":1,"values":{"algorithm":"RSA","ecdsa_curve":"P224","rsa_bits":4069},"sensitive_values":{"private_key_openssh":true,"private_key_pem":true,"private_key_pem_pkcs8":true}}]}},"resource_changes":[{"address":"aws_instance.web-01","mode":"managed","type":"aws_instance","name":"web-01","provider_name":"registry.terraform.io/hashicorp/aws","change":{"actions":["create"],"before":null,"after":{"ami":"ami-097c5c21a18dc59ea","credit_specification":[],"get_password_data":false,"hibernation":null,"instance_type":"t3.micro","key_name":"web-01-key","launch_template":[],"source_dest_check":true,"tags":{"Name":"web-01"},"tags_all":{"Name":"web-01"},"timeouts":null,"user_data":"589aa7eb415904fb909d2daf7446242b479c35bf","user_data_replace_on_change":false,"volume_tags":null},"after_unknown":{"arn":true,"associate_public_ip_address":true,"availability_zone":true,"capacity_reservation_specification":true,"cpu_core_count":true,"cpu_options":true,"cpu_threads_per_core":true,"credit_specification":[],"disable_api_stop":true,"disable_api_termination":true,"ebs_block_device":true,"ebs_optimized":true,"enclave_options":true,"ephemeral_block_device":true,"host_id":true,"host_resource_group_arn":true,"iam_instance_profile":true,"id":true,"instance_initiated_shutdown_behavior":true,"instance_lifecycle":true,"instance_market_options":true,"instance_state":true,"ipv6_address_count":true,"ipv6_addresses":true,"launch_template":[],"maintenance_options":true,"metadata_options":true,"monitoring":true,"network_interface":true,"outpost_arn":true,"password_data":true,"placement_group":true,"placement_partition_number":true,"primary_network_interface_id":true,"private_dns":true,"private_dns_name_options":true,"private_ip":true,"public_dns":true,"public_ip":true,"root_block_device":true,"secondary_private_ips":true,"security_groups":true,"spot_instance_request_id":true,"subnet_id":true,"tags":{},"tags_all":{},"tenancy":true,"user_data_base64":true,"vpc_security_group_ids":true},"before_sensitive":false,"after_sensitive":{"capacity_reservation_specification":[],"cpu_options":[],"credit_specification":[],"ebs_block_device":[],"enclave_options":[],"ephemeral_block_device":[],"instance_market_options":[],"ipv6_addresses":[],"launch_template":[],"maintenance_options":[],"metadata_options":[],"network_interface":[],"private_dns_name_options":[],"root_block_device":[],"secondary_private_ips":[],"security_groups":[],"tags":{},"tags_all":{},"vpc_security_group_ids":[]}}},{"address":"aws_key_pair.web-01-key","mode":"managed","type":"aws_key_pair","name":"web-01-key","provider_name":"registry.terraform.io/hashicorp/aws","change":{"actions":["create"],"before":null,"after":{"key_name":"web-01-key","tags":null},"after_unknown":{"arn":true,"fingerprint":true,"id":true,"key_name_prefix":true,"key_pair_id":true,"key_type":true,"public_key":true,"tags_all":true},"before_sensitive":false,"after_sensitive":{"tags_all":{}}}},{"address":"aws_security_group.web-01-sg","mode":"managed","type":"aws_security_group","name":"web-01-sg","provider_name":"registry.terraform.io/hashicorp/aws","change":{"actions":["create"],"before":null,"after":{"description":"Allow ssh and http inbound traffic","egress":[{"cidr_blocks":["0.0.0.0/0"],"description":"","from_port":0,"ipv6_cidr_blocks":[],"prefix_list_ids":[],"protocol":"-1","security_groups":[],"self":false,"to_port":0}],"ingress":[{"cidr_blocks":["0.0.0.0/0"],"description":"","from_port":22,"ipv6_cidr_blocks":[],"prefix_list_ids":[],"protocol":"tcp","security_groups":[],"self":false,"to_port":22},{"cidr_blocks":["0.0.0.0/0"],"description":"","from_port":443,"ipv6_cidr_blocks":[],"prefix_list_ids":[],"protocol":"tcp","security_groups":[],"self":false,"to_port":443},{"cidr_blocks":["0.0.0.0/0"],"description":"","from_port":80,"ipv6_cidr_blocks":[],"prefix_list_ids":[],"protocol":"tcp","security_groups":[],"self":false,"to_port":80}],"name":"web-01-sg","revoke_rules_on_delete":false,"tags":null,"timeouts":null,"vpc_id":"vpc-05addf5839da973fa"},"after_unknown":{"arn":true,"egress":[{"cidr_blocks":[false],"ipv6_cidr_blocks":[],"prefix_list_ids":[],"security_groups":[]}],"id":true,"ingress":[{"cidr_blocks":[false],"ipv6_cidr_blocks":[],"prefix_list_ids":[],"security_groups":[]},{"cidr_blocks":[false],"ipv6_cidr_blocks":[],"prefix_list_ids":[],"security_groups":[]},{"cidr_blocks":[false],"ipv6_cidr_blocks":[],"prefix_list_ids":[],"security_groups":[]}],"name_prefix":true,"owner_id":true,"tags_all":true},"before_sensitive":false,"after_sensitive":{"egress":[{"cidr_blocks":[false],"ipv6_cidr_blocks":[],"prefix_list_ids":[],"security_groups":[]}],"ingress":[{"cidr_blocks":[false],"ipv6_cidr_blocks":[],"prefix_list_ids":[],"security_groups":[]},{"cidr_blocks":[false],"ipv6_cidr_blocks":[],"prefix_list_ids":[],"security_groups":[]},{"cidr_blocks":[false],"ipv6_cidr_blocks":[],"prefix_list_ids":[],"security_groups":[]}],"tags_all":{}}}},{"address":"local_sensitive_file.web-01-private-key","mode":"managed","type":"local_sensitive_file","name":"web-01-private-key","provider_name":"registry.terraform.io/hashicorp/local","change":{"actions":["create"],"before":null,"after":{"content_base64":null,"directory_permission":"0700","file_permission":"0400","filename":"web-01-key.pem","source":null},"after_unknown":{"content":true,"content_base64sha256":true,"content_base64sha512":true,"content_md5":true,"content_sha1":true,"content_sha256":true,"content_sha512":true,"id":true},"before_sensitive":false,"after_sensitive":{"content":true,"content_base64":true}}},{"address":"tls_private_key.web-key","mode":"managed","type":"tls_private_key","name":"web-key","provider_name":"registry.terraform.io/hashicorp/tls","change":{"actions":["create"],"before":null,"after":{"algorithm":"RSA","ecdsa_curve":"P224","rsa_bits":4069},"after_unknown":{"id":true,"private_key_openssh":true,"private_key_pem":true,"private_key_pem_pkcs8":true,"public_key_fingerprint_md5":true,"public_key_fingerprint_sha256":true,"public_key_openssh":true,"public_key_pem":true},"before_sensitive":false,"after_sensitive":{"private_key_openssh":true,"private_key_pem":true,"private_key_pem_pkcs8":true}}}],"prior_state":{"format_version":"1.0","terraform_version":"1.9.5","values":{"root_module":{"resources":[{"address":"data.aws_vpc.default","mode":"data","type":"aws_vpc","name":"default","provider_name":"registry.terraform.io/hashicorp/aws","schema_version":0,"values":{"arn":"arn:aws:ec2:eu-north-1:474668389493:vpc/vpc-05addf5839da973fa","cidr_block":"172.31.0.0/16","cidr_block_associations":[{"association_id":"vpc-cidr-assoc-0557720fcdea9db2e","cidr_block":"172.31.0.0/16","state":"associated"}],"default":true,"dhcp_options_id":"dopt-0f82299d952315beb","enable_dns_hostnames":true,"enable_dns_support":true,"enable_network_address_usage_metrics":false,"filter":null,"id":"vpc-05addf5839da973fa","instance_tenancy":"default","ipv6_association_id":"","ipv6_cidr_block":"","main_route_table_id":"rtb-07d29a939c0d8f6e9","owner_id":"474668389493","state":null,"tags":{},"timeouts":null},"sensitive_values":{"cidr_block_associations":[{}],"tags":{}}}]}}},"configuration":{"provider_config":{"aws":{"name":"aws","full_name":"registry.terraform.io/hashicorp/aws","expressions":{"region":{"constant_value":"eu-north-1"}}},"local":{"name":"local","full_name":"registry.terraform.io/hashicorp/local"},"tls":{"name":"tls","full_name":"registry.terraform.io/hashicorp/tls"}},"root_module":{"resources":[{"address":"aws_instance.web-01","mode":"managed","type":"aws_instance","name":"web-01","provider_config_key":"aws","expressions":{"ami":{"references":["var.web-01-ami"]},"instance_type":{"references":["var.web-01-instance-type"]},"key_name":{"references":["aws_key_pair.web-01-key.key_name","aws_key_pair.web-01-key"]},"tags":{"constant_value":{"Name":"web-01"}},"user_data":{},"vpc_security_group_ids":{"references":["aws_security_group.web-01-sg.id","aws_security_group.web-01-sg"]}},"schema_version":1},{"address":"aws_key_pair.web-01-key","mode":"managed","type":"aws_key_pair","name":"web-01-key","provider_config_key":"aws","expressions":{"key_name":{"constant_value":"web-01-key"},"public_key":{"references":["tls_private_key.web-key.public_key_openssh","tls_private_key.web-key"]}},"schema_version":1},{"address":"aws_security_group.web-01-sg","mode":"managed","type":"aws_security_group","name":"web-01-sg","provider_config_key":"aws","expressions":{"description":{"constant_value":"Allow ssh and http inbound traffic"},"egress":{"constant_value":[{"cidr_blocks":["0.0.0.0/0"],"description":null,"from_port":0,"ipv6_cidr_blocks":null,"prefix_list_ids":null,"protocol":"-1","security_groups":null,"self":null,"to_port":0}]},"ingress":{"constant_value":[{"cidr_blocks":["0.0.0.0/0"],"description":null,"from_port":22,"ipv6_cidr_blocks":null,"prefix_list_ids":null,"protocol":"tcp","security_groups":null,"self":null,"to_port":22},{"cidr_blocks":["0.0.0.0/0"],"description":null,"from_port":80,"ipv6_cidr_blocks":null,"prefix_list_ids":null,"protocol":"tcp","security_groups":null,"self":null,"to_port":80},{"cidr_blocks":["0.0.0.0/0"],"description":null,"from_port":443,"ipv6_cidr_blocks":null,"prefix_list_ids":null,"protocol":"tcp","security_groups":null,"self":null,"to_port":443}]},"name":{"constant_value":"web-01-sg"},"vpc_id":{"references":["data.aws_vpc.default.id","data.aws_vpc.default"]}},"schema_version":1},{"address":"local_sensitive_file.web-01-private-key","mode":"managed","type":"local_sensitive_file","name":"web-01-private-key","provider_config_key":"local","expressions":{"content":{"references":["tls_private_key.web-key.private_key_pem","tls_private_key.web-key"]},"file_permission":{"constant_value":"0400"},"filename":{"constant_value":"web-01-key.pem"}},"schema_version":0},{"address":"tls_private_key.web-key","mode":"managed","type":"tls_private_key","name":"web-key","provider_config_key":"tls","expressions":{"algorithm":{"references":["var.private-key-data[\"algorithm\"]","var.private-key-data"]},"rsa_bits":{"references":["var.private-key-data[\"rsa_bits\"]","var.private-key-data"]}},"schema_version":1},{"address":"data.aws_vpc.default","mode":"data","type":"aws_vpc","name":"default","provider_config_key":"aws","expressions":{"default":{"constant_value":true}},"schema_version":0}],"variables":{"private-key-data":{},"web-01-ami":{},"web-01-instance-type":{}}}},"relevant_attributes":[{"resource":"aws_security_group.web-01-sg","attribute":["id"]},{"resource":"tls_private_key.web-key","attribute":["private_key_pem"]},{"resource":"tls_private_key.web-key","attribute":["public_key_openssh"]},{"resource":"data.aws_vpc.default","attribute":["id"]},{"resource":"aws_key_pair.web-01-key","attribute":["key_name"]}],"timestamp":"2024-10-08T15:34:32Z","applyable":true,"complete":true,"errored":false}
